
Microsoft Visual Studio Solution File, Format Version 12.00
# Visual Studio 15
VisualStudioVersion = 15.0.27130.0
MinimumVisualStudioVersion = 10.0.40219.1
Project("{FAE04EC0-301F-11D3-BF4B-00C04F79EFBC}") = "CommandScaler.RabbitMQ", "src\CommandScaler.RabbitMQ\CommandScaler.RabbitMQ.csproj", "{DE49B74C-376F-4914-AC0E-00BAFE84AEAD}"
EndProject
Project("{FAE04EC0-301F-11D3-BF4B-00C04F79EFBC}") = "CommandScaler.RabbitMQ.Handler", "src\CommandScaler.RabbitMQ.Handler\CommandScaler.RabbitMQ.Handler.csproj", "{90305D4E-FB57-4EFB-868A-E0A67E094E5D}"
EndProject
Project("{2150E333-8FDC-42A3-9474-1A3956D46DE8}") = "tests", "tests", "{46167E89-1CEE-496B-8F9C-68C8978E56A4}"
EndProject
Project("{FAE04EC0-301F-11D3-BF4B-00C04F79EFBC}") = "CommandScaler.RabbitMQ.Handler.Tests", "tests\CommandScaler.RabbitMQ.Handler.Tests\CommandScaler.RabbitMQ.Handler.Tests.csproj", "{72B68849-42C0-43B4-ACD4-A1D98479E32C}"
EndProject
Project("{FAE04EC0-301F-11D3-BF4B-00C04F79EFBC}") = "CommandScaler", "src\CommandScaler\CommandScaler.csproj", "{554553C0-576C-495B-80A1-76639B141215}"
EndProject
Global
	GlobalSection(SolutionConfigurationPlatforms) = preSolution
		Debug|Any CPU = Debug|Any CPU
		Release|Any CPU = Release|Any CPU
	EndGlobalSection
	GlobalSection(ProjectConfigurationPlatforms) = postSolution
		{DE49B74C-376F-4914-AC0E-00BAFE84AEAD}.Debug|Any CPU.ActiveCfg = Debug|Any CPU
		{DE49B74C-376F-4914-AC0E-00BAFE84AEAD}.Debug|Any CPU.Build.0 = Debug|Any CPU
		{DE49B74C-376F-4914-AC0E-00BAFE84AEAD}.Release|Any CPU.ActiveCfg = Release|Any CPU
		{DE49B74C-376F-4914-AC0E-00BAFE84AEAD}.Release|Any CPU.Build.0 = Release|Any CPU
		{90305D4E-FB57-4EFB-868A-E0A67E094E5D}.Debug|Any CPU.ActiveCfg = Debug|Any CPU
		{90305D4E-FB57-4EFB-868A-E0A67E094E5D}.Debug|Any CPU.Build.0 = Debug|Any CPU
		{90305D4E-FB57-4EFB-868A-E0A67E094E5D}.Release|Any CPU.ActiveCfg = Release|Any CPU
		{90305D4E-FB57-4EFB-868A-E0A67E094E5D}.Release|Any CPU.Build.0 = Release|Any CPU
		{72B68849-42C0-43B4-ACD4-A1D98479E32C}.Debug|Any CPU.ActiveCfg = Debug|Any CPU
		{72B68849-42C0-43B4-ACD4-A1D98479E32C}.Debug|Any CPU.Build.0 = Debug|Any CPU
		{72B68849-42C0-43B4-ACD4-A1D98479E32C}.Release|Any CPU.ActiveCfg = Release|Any CPU
		{72B68849-42C0-43B4-ACD4-A1D98479E32C}.Release|Any CPU.Build.0 = Release|Any CPU
		{554553C0-576C-495B-80A1-76639B141215}.Debug|Any CPU.ActiveCfg = Debug|Any CPU
		{554553C0-576C-495B-80A1-76639B141215}.Debug|Any CPU.Build.0 = Debug|Any CPU
		{554553C0-576C-495B-80A1-76639B141215}.Release|Any CPU.ActiveCfg = Release|Any CPU
		{554553C0-576C-495B-80A1-76639B141215}.Release|Any CPU.Build.0 = Release|Any CPU
	EndGlobalSection
	GlobalSection(SolutionProperties) = preSolution
		HideSolutionNode = FALSE
	EndGlobalSection
	GlobalSection(NestedProjects) = preSolution
		{72B68849-42C0-43B4-ACD4-A1D98479E32C} = {46167E89-1CEE-496B-8F9C-68C8978E56A4}
	EndGlobalSection
	GlobalSection(ExtensibilityGlobals) = postSolution
		SolutionGuid = {B676D674-E76B-4CAC-8569-753A59412A70}
	EndGlobalSection
EndGlobal
